// !$*UTF8*$!
{
	archiveVersion = 1;
	classes = {
	};
	objectVersion = 50;
	objects = {

/* Begin PBXBuildFile section */
		F12F2F8D22E193FD00714BD8 /* AppDelegate.m in Sources */ = {isa = PBXBuildFile; fileRef = F12F2F8C22E193FD00714BD8 /* AppDelegate.m */; };
		F12F2F9022E193FD00714BD8 /* FirstViewController.m in Sources */ = {isa = PBXBuildFile; fileRef = F12F2F8F22E193FD00714BD8 /* FirstViewController.m */; };
		F12F2F9322E193FD00714BD8 /* SecondViewController.m in Sources */ = {isa = PBXBuildFile; fileRef = F12F2F9222E193FD00714BD8 /* SecondViewController.m */; };
		F12F2F9622E193FD00714BD8 /* Main.storyboard in Resources */ = {isa = PBXBuildFile; fileRef = F12F2F9422E193FD00714BD8 /* Main.storyboard */; };
		F12F2F9822E193FF00714BD8 /* Assets.xcassets in Resources */ = {isa = PBXBuildFile; fileRef = F12F2F9722E193FF00714BD8 /* Assets.xcassets */; };
		F12F2F9B22E193FF00714BD8 /* LaunchScreen.storyboard in Resources */ = {isa = PBXBuildFile; fileRef = F12F2F9922E193FF00714BD8 /* LaunchScreen.storyboard */; };
		F12F2F9E22E193FF00714BD8 /* main.m in Sources */ = {isa = PBXBuildFile; fileRef = F12F2F9D22E193FF00714BD8 /* main.m */; };
		F12F2FA622E1942400714BD8 /* COSSDK.framework in Frameworks */ = {isa = PBXBuildFile; fileRef = F12F2FA522E1942400714BD8 /* COSSDK.framework */; };
/* End PBXBuildFile section */

/* Begin PBXFileReference section */
		F12F2F8822E193FD00714BD8 /* SDKDemo.app */ = {isa = PBXFileReference; explicitFileType = wrapper.application; includeInIndex = 0; path = SDKDemo.app; sourceTree = BUILT_PRODUCTS_DIR; };
		F12F2F8B22E193FD00714BD8 /* AppDelegate.h */ = {isa = PBXFileReference; lastKnownFileType = sourcecode.c.h; path = AppDelegate.h; sourceTree = "<group>"; };
		F12F2F8C22E193FD00714BD8 /* AppDelegate.m */ = {isa = PBXFileReference; lastKnownFileType = sourcecode.c.objc; path = AppDelegate.m; sourceTree = "<group>"; };
		F12F2F8E22E193FD00714BD8 /* FirstViewController.h */ = {isa = PBXFileReference; lastKnownFileType = sourcecode.c.h; path = FirstViewController.h; sourceTree = "<group>"; };
		F12F2F8F22E193FD00714BD8 /* FirstViewController.m */ = {isa = PBXFileReference; lastKnownFileType = sourcecode.c.objc; path = FirstViewController.m; sourceTree = "<group>"; };
		F12F2F9122E193FD00714BD8 /* SecondViewController.h */ = {isa = PBXFileReference; lastKnownFileType = sourcecode.c.h; path = SecondViewController.h; sourceTree = "<group>"; };
		F12F2F9222E193FD00714BD8 /* SecondViewController.m */ = {isa = PBXFileReference; lastKnownFileType = sourcecode.c.objc; path = SecondViewController.m; sourceTree = "<group>"; };
		F12F2F9522E193FD00714BD8 /* Base */ = {isa = PBXFileReference; lastKnownFileType = file.storyboard; name = Base; path = Base.lproj/Main.storyboard; sourceTree = "<group>"; };
		F12F2F9722E193FF00714BD8 /* Assets.xcassets */ = {isa = PBXFileReference; lastKnownFileType = folder.assetcatalog; path = Assets.xcassets; sourceTree = "<group>"; };
		F12F2F9A22E193FF00714BD8 /* Base */ = {isa = PBXFileReference; lastKnownFileType = file.storyboard; name = Base; path = Base.lproj/LaunchScreen.storyboard; sourceTree = "<group>"; };
		F12F2F9C22E193FF00714BD8 /* Info.plist */ = {isa = PBXFileReference; lastKnownFileType = text.plist.xml; path = Info.plist; sourceTree = "<group>"; };
		F12F2F9D22E193FF00714BD8 /* main.m */ = {isa = PBXFileReference; lastKnownFileType = sourcecode.c.objc; path = main.m; sourceTree = "<group>"; };
		F12F2FA522E1942400714BD8 /* COSSDK.framework */ = {isa = PBXFileReference; explicitFileType = wrapper.framework; path = COSSDK.framework; sourceTree = BUILT_PRODUCTS_DIR; };
/* End PBXFileReference section */

/* Begin PBXFrameworksBuildPhase section */
		F12F2F8522E193FD00714BD8 /* Frameworks */ = {
			isa = PBXFrameworksBuildPhase;
			buildActionMask = 2147483647;
			files = (
				F12F2FA622E1942400714BD8 /* COSSDK.framework in Frameworks */,
			);
			runOnlyForDeploymentPostprocessing = 0;
		};
/* End PBXFrameworksBuildPhase section */

/* Begin PBXGroup section */
		F12F2F7F22E193FC00714BD8 = {
			isa = PBXGroup;
			children = (
				F12F2F8A22E193FD00714BD8 /* SDKDemo */,
				F12F2F8922E193FD00714BD8 /* Products */,
				F12F2FA422E1942400714BD8 /* Frameworks */,
			);
			sourceTree = "<group>";
		};
		F12F2F8922E193FD00714BD8 /* Products */ = {
			isa = PBXGroup;
			children = (
				F12F2F8822E193FD00714BD8 /* SDKDemo.app */,
			);
			name = Products;
			sourceTree = "<group>";
		};
		F12F2F8A22E193FD00714BD8 /* SDKDemo */ = {
			isa = PBXGroup;
			children = (
				F12F2F8B22E193FD00714BD8 /* AppDelegate.h */,
				F12F2F8C22E193FD00714BD8 /* AppDelegate.m */,
				F12F2F8E22E193FD00714BD8 /* FirstViewController.h */,
				F12F2F8F22E193FD00714BD8 /* FirstViewController.m */,
				F12F2F9122E193FD00714BD8 /* SecondViewController.h */,
				F12F2F9222E193FD00714BD8 /* SecondViewController.m */,
				F12F2F9422E193FD00714BD8 /* Main.storyboard */,
				F12F2F9722E193FF00714BD8 /* Assets.xcassets */,
				F12F2F9922E193FF00714BD8 /* LaunchScreen.storyboard */,
				F12F2F9C22E193FF00714BD8 /* Info.plist */,
				F12F2F9D22E193FF00714BD8 /* main.m */,
			);
			path = SDKDemo;
			sourceTree = "<group>";
		};
		F12F2FA422E1942400714BD8 /* Frameworks */ = {
			isa = PBXGroup;
			children = (
				F12F2FA522E1942400714BD8 /* COSSDK.framework */,
			);
			name = Frameworks;
			sourceTree = "<group>";
		};
/* End PBXGroup section */

/* Begin PBXNativeTarget section */
		F12F2F8722E193FD00714BD8 /* SDKDemo */ = {
			isa = PBXNativeTarget;
			buildConfigurationList = F12F2FA122E193FF00714BD8 /* Build configuration list for PBXNativeTarget "SDKDemo" */;
			buildPhases = (
				F12F2F8422E193FD00714BD8 /* Sources */,
				F12F2F8522E193FD00714BD8 /* Frameworks */,
				F12F2F8622E193FD00714BD8 /* Resources */,
			);
			buildRules = (
			);
			dependencies = (
			);
			name = SDKDemo;
			productName = SDKDemo;
			productReference = F12F2F8822E193FD00714BD8 /* SDKDemo.app */;
			productType = "com.apple.product-type.application";
		};
/* End PBXNativeTarget section */

/* Begin PBXProject section */
		F12F2F8022E193FC00714BD8 /* Project object */ = {
			isa = PBXProject;
			attributes = {
				LastUpgradeCheck = 1020;
				ORGANIZATIONNAME = Contentos;
				TargetAttributes = {
					F12F2F8722E193FD00714BD8 = {
						CreatedOnToolsVersion = 10.2;
					};
				};
			};
			buildConfigurationList = F12F2F8322E193FC00714BD8 /* Build configuration list for PBXProject "SDKDemo" */;
			compatibilityVersion = "Xcode 9.3";
			developmentRegion = en;
			hasScannedForEncodings = 0;
			knownRegions = (
				en,
				Base,
			);
			mainGroup = F12F2F7F22E193FC00714BD8;
			productRefGroup = F12F2F8922E193FD00714BD8 /* Products */;
			projectDirPath = "";
			projectRoot = "";
			targets = (
				F12F2F8722E193FD00714BD8 /* SDKDemo */,
			);
		};
/* End PBXProject section */

/* Begin PBXResourcesBuildPhase section */
		F12F2F8622E193FD00714BD8 /* Resources */ = {
			isa = PBXResourcesBuildPhase;
			buildActionMask = 2147483647;
			files = (
				F12F2F9B22E193FF00714BD8 /* LaunchScreen.storyboard in Resources */,
				F12F2F9822E193FF00714BD8 /* Assets.xcassets in Resources */,
				F12F2F9622E193FD00714BD8 /* Main.storyboard in Resources */,
			);
			runOnlyForDeploymentPostprocessing = 0;
		};
/* End PBXResourcesBuildPhase section */

/* Begin PBXSourcesBuildPhase section */
		F12F2F8422E193FD00714BD8 /* Sources */ = {
			isa = PBXSourcesBuildPhase;
			buildActionMask = 2147483647;
			files = (
				F12F2F9322E193FD00714BD8 /* SecondViewController.m in Sources */,
				F12F2F8D22E193FD00714BD8 /* AppDelegate.m in Sources */,
				F12F2F9E22E193FF00714BD8 /* main.m in Sources */,
				F12F2F9022E193FD00714BD8 /* FirstViewController.m in Sources */,
			);
			runOnlyForDeploymentPostprocessing = 0;
		};
/* End PBXSourcesBuildPhase section */

/* Begin PBXVariantGroup section */
		F12F2F9422E193FD00714BD8 /* Main.storyboard */ = {
			isa = PBXVariantGroup;
			children = (
				F12F2F9522E193FD00714BD8 /* Base */,
			);
			name = Main.storyboard;
			sourceTree = "<group>";
		};
		F12F2F9922E193FF00714BD8 /* LaunchScreen.storyboard */ = {
			isa = PBXVariantGroup;
			children = (
				F12F2F9A22E193FF00714BD8 /* Base */,
			);
			name = LaunchScreen.storyboard;
			sourceTree = "<group>";
		};
/* End PBXVariantGroup section */

/* Begin XCBuildConfiguration section */
		F12F2F9F22E193FF00714BD8 /* Debug */ = {
			isa = XCBuildConfiguration;
			buildSettings = {
				ALWAYS_SEARCH_USER_PATHS = NO;
				CLANG_ANALYZER_NONNULL = YES;
				CLANG_ANALYZER_NUMBER_OBJECT_CONVERSION = YES_AGGRESSIVE;
				CLANG_CXX_LANGUAGE_STANDARD = "gnu++14";
				CLANG_CXX_LIBRARY = "libc++";
				CLANG_ENABLE_MODULES = YES;
				CLANG_ENABLE_OBJC_ARC = YES;
				CLANG_ENABLE_OBJC_WEAK = YES;
				CLANG_WARN_BLOCK_CAPTURE_AUTORELEASING = YES;
				CLANG_WARN_BOOL_CONVERSION = YES;
				CLANG_WARN_COMMA = YES;
				CLANG_WARN_CONSTANT_CONVERSION = YES;
				CLANG_WARN_DEPRECATED_OBJC_IMPLEMENTATIONS = YES;
				CLANG_WARN_DIRECT_OBJC_ISA_USAGE = YES_ERROR;
				CLANG_WARN_DOCUMENTATION_COMMENTS = YES;
				CLANG_WARN_EMPTY_BODY = YES;
				CLANG_WARN_ENUM_CONVERSION = YES;
				CLANG_WARN_INFINITE_RECURSION = YES;
				CLANG_WARN_INT_CONVERSION = YES;
				CLANG_WARN_NON_LITERAL_NULL_CONVERSION = YES;
				CLANG_WARN_OBJC_IMPLICIT_RETAIN_SELF = YES;
				CLANG_WARN_OBJC_LITERAL_CONVERSION = YES;
				CLANG_WARN_OBJC_ROOT_CLASS = YES_ERROR;
				CLANG_WARN_RANGE_LOOP_ANALYSIS = YES;
				CLANG_WARN_STRICT_PROTOTYPES = YES;
				CLANG_WARN_SUSPICIOUS_MOVE = YES;
				CLANG_WARN_UNGUARDED_AVAILABILITY = YES_AGGRESSIVE;
				CLANG_WARN_UNREACHABLE_CODE = YES;
				CLANG_WARN__DUPLICATE_METHOD_MATCH = YES;
				CODE_SIGN_IDENTITY = "iPhone Developer";
				COPY_PHASE_STRIP = NO;
				DEBUG_INFORMATION_FORMAT = dwarf;
				ENABLE_STRICT_OBJC_MSGSEND = YES;
				ENABLE_TESTABILITY = YES;
				GCC_C_LANGUAGE_STANDARD = gnu11;
				GCC_DYNAMIC_NO_PIC = NO;
				GCC_NO_COMMON_BLOCKS = YES;
				GCC_OPTIMIZATION_LEVEL = 0;
				GCC_PREPROCESSOR_DEFINITIONS = (
					"DEBUG=1",
					"$(inherited)",
				);
				GCC_WARN_64_TO_32_BIT_CONVERSION = YES;
				GCC_WARN_ABOUT_RETURN_TYPE = YES_ERROR;
				GCC_WARN_UNDECLARED_SELECTOR = YES;
				GCC_WARN_UNINITIALIZED_AUTOS = YES_AGGRESSIVE;
				GCC_WARN_UNUSED_FUNCTION = YES;
				GCC_WARN_UNUSED_VARIABLE = YES;
				IPHONEOS_DEPLOYMENT_TARGET = 12.2;
				MTL_ENABLE_DEBUG_INFO = INCLUDE_SOURCE;
				MTL_FAST_MATH = YES;
				ONLY_ACTIVE_ARCH = YES;
				SDKROOT = iphoneos;
			};
			name = Debug;
		};
		F12F2FA022E193FF00714BD8 /* Release */ = {
			isa = XCBuildConfiguration;
			buildSettings = {
				ALWAYS_SEARCH_USER_PATHS = NO;
				CLANG_ANALYZER_NONNULL = YES;
				CLANG_ANALYZER_NUMBER_OBJECT_CONVERSION = YES_AGGRESSIVE;
				CLANG_CXX_LANGUAGE_STANDARD = "gnu++14";
				CLANG_CXX_LIBRARY = "libc++";
				CLANG_ENABLE_MODULES = YES;
				CLANG_ENABLE_OBJC_ARC = YES;
				CLANG_ENABLE_OBJC_WEAK = YES;
				CLANG_WARN_BLOCK_CAPTURE_AUTORELEASING = YES;
				CLANG_WARN_BOOL_CONVERSION = YES;
				CLANG_WARN_COMMA = YES;
				CLANG_WARN_CONSTANT_CONVERSION = YES;
				CLANG_WARN_DEPRECATED_OBJC_IMPLEMENTATIONS = YES;
				CLANG_WARN_DIRECT_OBJC_ISA_USAGE = YES_ERROR;
				CLANG_WARN_DOCUMENTATION_COMMENTS = YES;
				CLANG_WARN_EMPTY_BODY = YES;
				CLANG_WARN_ENUM_CONVERSION = YES;
				CLANG_WARN_INFINITE_RECURSION = YES;
				CLANG_WARN_INT_CONVERSION = YES;
				CLANG_WARN_NON_LITERAL_NULL_CONVERSION = YES;
				CLANG_WARN_OBJC_IMPLICIT_RETAIN_SELF = YES;
				CLANG_WARN_OBJC_LITERAL_CONVERSION = YES;
				CLANG_WARN_OBJC_ROOT_CLASS = YES_ERROR;
				CLANG_WARN_RANGE_LOOP_ANALYSIS = YES;
				CLANG_WARN_STRICT_PROTOTYPES = YES;
				CLANG_WARN_SUSPICIOUS_MOVE = YES;
				CLANG_WARN_UNGUARDED_AVAILABILITY = YES_AGGRESSIVE;
				CLANG_WARN_UNREACHABLE_CODE = YES;
				CLANG_WARN__DUPLICATE_METHOD_MATCH = YES;
				CODE_SIGN_IDENTITY = "iPhone Developer";
				COPY_PHASE_STRIP = NO;
				DEBUG_INFORMATION_FORMAT = "dwarf-with-dsym";
				ENABLE_NS_ASSERTIONS = NO;
				ENABLE_STRICT_OBJC_MSGSEND = YES;
				GCC_C_LANGUAGE_STANDARD = gnu11;
				GCC_NO_COMMON_BLOCKS = YES;
				GCC_WARN_64_TO_32_BIT_CONVERSION = YES;
				GCC_WARN_ABOUT_RETURN_TYPE = YES_ERROR;
				GCC_WARN_UNDECLARED_SELECTOR = YES;
				GCC_WARN_UNINITIALIZED_AUTOS = YES_AGGRESSIVE;
				GCC_WARN_UNUSED_FUNCTION = YES;
				GCC_WARN_UNUSED_VARIABLE = YES;
				IPHONEOS_DEPLOYMENT_TARGET = 12.2;
				MTL_ENABLE_DEBUG_INFO = NO;
				MTL_FAST_MATH = YES;
				SDKROOT = iphoneos;
				VALIDATE_PRODUCT = YES;
			};
			name = Release;
		};
		F12F2FA222E193FF00714BD8 /* Debug */ = {
			isa = XCBuildConfiguration;
			buildSettings = {
				ASSETCATALOG_COMPILER_APPICON_NAME = AppIcon;
				CODE_SIGN_STYLE = Automatic;
				INFOPLIST_FILE = SDKDemo/Info.plist;
				LD_RUNPATH_SEARCH_PATHS = (
					"$(inherited)",
					"@executable_path/Frameworks",
				);
				PRODUCT_BUNDLE_IDENTIFIER = io.contentos.SDKDemo;
				PRODUCT_NAME = "$(TARGET_NAME)";
				TARGETED_DEVICE_FAMILY = "1,2";
			};
			name = Debug;
		};
		F12F2FA322E193FF00714BD8 /* Release */ = {
			isa = XCBuildConfiguration;
			buildSettings = {
				ASSETCATALOG_COMPILER_APPICON_NAME = AppIcon;
				CODE_SIGN_STYLE = Automatic;
				INFOPLIST_FILE = SDKDemo/Info.plist;
				LD_RUNPATH_SEARCH_PATHS = (
					"$(inherited)",
					"@executable_path/Frameworks",
				);
				PRODUCT_BUNDLE_IDENTIFIER = io.contentos.SDKDemo;
				PRODUCT_NAME = "$(TARGET_NAME)";
				TARGETED_DEVICE_FAMILY = "1,2";
			};
			name = Release;
		};
/* End XCBuildConfiguration section */

/* Begin XCConfigurationList section */
		F12F2F8322E193FC00714BD8 /* Build configuration list for PBXProject "SDKDemo" */ = {
			isa = XCConfigurationList;
			buildConfigurations = (
				F12F2F9F22E193FF00714BD8 /* Debug */,
				F12F2FA022E193FF00714BD8 /* Release */,
			);
			defaultConfigurationIsVisible = 0;
			defaultConfigurationName = Release;
		};
		F12F2FA122E193FF00714BD8 /* Build configuration list for PBXNativeTarget "SDKDemo" */ = {
			isa = XCConfigurationList;
			buildConfigurations = (
				F12F2FA222E193FF00714BD8 /* Debug */,
				F12F2FA322E193FF00714BD8 /* Release */,
			);
			defaultConfigurationIsVisible = 0;
			defaultConfigurationName = Release;
		};
/* End XCConfigurationList section */
	};
	rootObject = F12F2F8022E193FC00714BD8 /* Project object */;
}
