// !$*UTF8*$!
{
	archiveVersion = 1;
	classes = {
	};
	objectVersion = 51;
	objects = {

/* Begin PBXBuildFile section */
		D9C7FEF9E0BF78C69FB24310 /* libPods-COSSDK.a in Frameworks */ = {isa = PBXBuildFile; fileRef = 90AEF43E33CE825F4BF12D7A /* libPods-COSSDK.a */; };
		F12F2F6F22E1939300714BD8 /* COSSDK.framework in Frameworks */ = {isa = PBXBuildFile; fileRef = F12F2F6522E1939300714BD8 /* COSSDK.framework */; };
		F12F2F7422E1939300714BD8 /* COSSDKTests.m in Sources */ = {isa = PBXBuildFile; fileRef = F12F2F7322E1939300714BD8 /* COSSDKTests.m */; };
		F12F2F7622E1939300714BD8 /* COSSDK.h in Headers */ = {isa = PBXBuildFile; fileRef = F12F2F6822E1939300714BD8 /* COSSDK.h */; settings = {ATTRIBUTES = (Public, ); }; };
		F12F2FAB22E19AA500714BD8 /* secp256k1.h in Headers */ = {isa = PBXBuildFile; fileRef = F12F2FA922E19AA500714BD8 /* secp256k1.h */; };
		F12F2FAC22E19AA500714BD8 /* secp256k1.c in Sources */ = {isa = PBXBuildFile; fileRef = F12F2FAA22E19AA500714BD8 /* secp256k1.c */; };
		F12F2FB022E1A00B00714BD8 /* ec.h in Headers */ = {isa = PBXBuildFile; fileRef = F12F2FAE22E1A00B00714BD8 /* ec.h */; };
		F12F2FB122E1A00B00714BD8 /* ec.c in Sources */ = {isa = PBXBuildFile; fileRef = F12F2FAF22E1A00B00714BD8 /* ec.c */; };
/* End PBXBuildFile section */

/* Begin PBXContainerItemProxy section */
		F12F2F7022E1939300714BD8 /* PBXContainerItemProxy */ = {
			isa = PBXContainerItemProxy;
			containerPortal = F12F2F5C22E1939200714BD8 /* Project object */;
			proxyType = 1;
			remoteGlobalIDString = F12F2F6422E1939300714BD8;
			remoteInfo = COSSDK;
		};
/* End PBXContainerItemProxy section */

/* Begin PBXFileReference section */
		90AEF43E33CE825F4BF12D7A /* libPods-COSSDK.a */ = {isa = PBXFileReference; explicitFileType = archive.ar; includeInIndex = 0; path = "libPods-COSSDK.a"; sourceTree = BUILT_PRODUCTS_DIR; };
		9C3C6EBEFDB3B036F1DAAF2E /* Pods-COSSDK.release.xcconfig */ = {isa = PBXFileReference; includeInIndex = 1; lastKnownFileType = text.xcconfig; name = "Pods-COSSDK.release.xcconfig"; path = "Target Support Files/Pods-COSSDK/Pods-COSSDK.release.xcconfig"; sourceTree = "<group>"; };
		EADD3CD025F255BAC89F9735 /* Pods-COSSDK.debug.xcconfig */ = {isa = PBXFileReference; includeInIndex = 1; lastKnownFileType = text.xcconfig; name = "Pods-COSSDK.debug.xcconfig"; path = "Target Support Files/Pods-COSSDK/Pods-COSSDK.debug.xcconfig"; sourceTree = "<group>"; };
		F12F2F6522E1939300714BD8 /* COSSDK.framework */ = {isa = PBXFileReference; explicitFileType = wrapper.framework; includeInIndex = 0; path = COSSDK.framework; sourceTree = BUILT_PRODUCTS_DIR; };
		F12F2F6822E1939300714BD8 /* COSSDK.h */ = {isa = PBXFileReference; lastKnownFileType = sourcecode.c.h; path = COSSDK.h; sourceTree = "<group>"; };
		F12F2F6922E1939300714BD8 /* Info.plist */ = {isa = PBXFileReference; lastKnownFileType = text.plist.xml; path = Info.plist; sourceTree = "<group>"; };
		F12F2F6E22E1939300714BD8 /* COSSDKTests.xctest */ = {isa = PBXFileReference; explicitFileType = wrapper.cfbundle; includeInIndex = 0; path = COSSDKTests.xctest; sourceTree = BUILT_PRODUCTS_DIR; };
		F12F2F7322E1939300714BD8 /* COSSDKTests.m */ = {isa = PBXFileReference; lastKnownFileType = sourcecode.c.objc; path = COSSDKTests.m; sourceTree = "<group>"; };
		F12F2F7522E1939300714BD8 /* Info.plist */ = {isa = PBXFileReference; lastKnownFileType = text.plist.xml; path = Info.plist; sourceTree = "<group>"; };
		F12F2FA722E1998A00714BD8 /* COSSDK-prefix.pch */ = {isa = PBXFileReference; lastKnownFileType = sourcecode.c.h; path = "COSSDK-prefix.pch"; sourceTree = "<group>"; };
		F12F2FA822E199B500714BD8 /* BoringSSL-GRPC-prefix.pch */ = {isa = PBXFileReference; lastKnownFileType = sourcecode.c.h; path = "BoringSSL-GRPC-prefix.pch"; sourceTree = "<group>"; };
		F12F2FA922E19AA500714BD8 /* secp256k1.h */ = {isa = PBXFileReference; lastKnownFileType = sourcecode.c.h; path = secp256k1.h; sourceTree = "<group>"; };
		F12F2FAA22E19AA500714BD8 /* secp256k1.c */ = {isa = PBXFileReference; lastKnownFileType = sourcecode.c.c; path = secp256k1.c; sourceTree = "<group>"; };
		F12F2FAE22E1A00B00714BD8 /* ec.h */ = {isa = PBXFileReference; lastKnownFileType = sourcecode.c.h; path = ec.h; sourceTree = "<group>"; };
		F12F2FAF22E1A00B00714BD8 /* ec.c */ = {isa = PBXFileReference; lastKnownFileType = sourcecode.c.c; path = ec.c; sourceTree = "<group>"; };
/* End PBXFileReference section */

/* Begin PBXFrameworksBuildPhase section */
		F12F2F6222E1939300714BD8 /* Frameworks */ = {
			isa = PBXFrameworksBuildPhase;
			buildActionMask = 2147483647;
			files = (
				D9C7FEF9E0BF78C69FB24310 /* libPods-COSSDK.a in Frameworks */,
			);
			runOnlyForDeploymentPostprocessing = 0;
		};
		F12F2F6B22E1939300714BD8 /* Frameworks */ = {
			isa = PBXFrameworksBuildPhase;
			buildActionMask = 2147483647;
			files = (
				F12F2F6F22E1939300714BD8 /* COSSDK.framework in Frameworks */,
			);
			runOnlyForDeploymentPostprocessing = 0;
		};
/* End PBXFrameworksBuildPhase section */

/* Begin PBXGroup section */
		9AE7CA93CD545ED35F63F423 /* Frameworks */ = {
			isa = PBXGroup;
			children = (
				90AEF43E33CE825F4BF12D7A /* libPods-COSSDK.a */,
			);
			name = Frameworks;
			sourceTree = "<group>";
		};
		C41182B4C7512A32508B26AE /* Pods */ = {
			isa = PBXGroup;
			children = (
				EADD3CD025F255BAC89F9735 /* Pods-COSSDK.debug.xcconfig */,
				9C3C6EBEFDB3B036F1DAAF2E /* Pods-COSSDK.release.xcconfig */,
			);
			name = Pods;
			path = ../Pods;
			sourceTree = "<group>";
		};
		F12F2F5B22E1939200714BD8 = {
			isa = PBXGroup;
			children = (
				F12F2F6722E1939300714BD8 /* COSSDK */,
				F12F2F7222E1939300714BD8 /* COSSDKTests */,
				F12F2F6622E1939300714BD8 /* Products */,
				C41182B4C7512A32508B26AE /* Pods */,
				9AE7CA93CD545ED35F63F423 /* Frameworks */,
			);
			sourceTree = "<group>";
		};
		F12F2F6622E1939300714BD8 /* Products */ = {
			isa = PBXGroup;
			children = (
				F12F2F6522E1939300714BD8 /* COSSDK.framework */,
				F12F2F6E22E1939300714BD8 /* COSSDKTests.xctest */,
			);
			name = Products;
			sourceTree = "<group>";
		};
		F12F2F6722E1939300714BD8 /* COSSDK */ = {
			isa = PBXGroup;
			children = (
				F12F2FAD22E19FC700714BD8 /* ec */,
				F12F2F6822E1939300714BD8 /* COSSDK.h */,
				F12F2F6922E1939300714BD8 /* Info.plist */,
				F12F2FA722E1998A00714BD8 /* COSSDK-prefix.pch */,
				F12F2FA822E199B500714BD8 /* BoringSSL-GRPC-prefix.pch */,
			);
			path = COSSDK;
			sourceTree = "<group>";
		};
		F12F2F7222E1939300714BD8 /* COSSDKTests */ = {
			isa = PBXGroup;
			children = (
				F12F2F7322E1939300714BD8 /* COSSDKTests.m */,
				F12F2F7522E1939300714BD8 /* Info.plist */,
			);
			path = COSSDKTests;
			sourceTree = "<group>";
		};
		F12F2FAD22E19FC700714BD8 /* ec */ = {
			isa = PBXGroup;
			children = (
				F12F2FAE22E1A00B00714BD8 /* ec.h */,
				F12F2FAF22E1A00B00714BD8 /* ec.c */,
				F12F2FA922E19AA500714BD8 /* secp256k1.h */,
				F12F2FAA22E19AA500714BD8 /* secp256k1.c */,
			);
			path = ec;
			sourceTree = "<group>";
		};
/* End PBXGroup section */

/* Begin PBXHeadersBuildPhase section */
		F12F2F6022E1939300714BD8 /* Headers */ = {
			isa = PBXHeadersBuildPhase;
			buildActionMask = 2147483647;
			files = (
				F12F2F7622E1939300714BD8 /* COSSDK.h in Headers */,
				F12F2FB022E1A00B00714BD8 /* ec.h in Headers */,
				F12F2FAB22E19AA500714BD8 /* secp256k1.h in Headers */,
			);
			runOnlyForDeploymentPostprocessing = 0;
		};
/* End PBXHeadersBuildPhase section */

/* Begin PBXNativeTarget section */
		F12F2F6422E1939300714BD8 /* COSSDK */ = {
			isa = PBXNativeTarget;
			buildConfigurationList = F12F2F7922E1939300714BD8 /* Build configuration list for PBXNativeTarget "COSSDK" */;
			buildPhases = (
				7B0750EB35D0FADC8A0400A1 /* [CP] Check Pods Manifest.lock */,
				F12F2F6022E1939300714BD8 /* Headers */,
				F12F2F6122E1939300714BD8 /* Sources */,
				F12F2F6222E1939300714BD8 /* Frameworks */,
				F12F2F6322E1939300714BD8 /* Resources */,
				1DF7FDD6C59D9481C8303FEE /* [CP] Copy Pods Resources */,
			);
			buildRules = (
			);
			dependencies = (
			);
			name = COSSDK;
			productName = COSSDK;
			productReference = F12F2F6522E1939300714BD8 /* COSSDK.framework */;
			productType = "com.apple.product-type.framework";
		};
		F12F2F6D22E1939300714BD8 /* COSSDKTests */ = {
			isa = PBXNativeTarget;
			buildConfigurationList = F12F2F7C22E1939300714BD8 /* Build configuration list for PBXNativeTarget "COSSDKTests" */;
			buildPhases = (
				F12F2F6A22E1939300714BD8 /* Sources */,
				F12F2F6B22E1939300714BD8 /* Frameworks */,
				F12F2F6C22E1939300714BD8 /* Resources */,
			);
			buildRules = (
			);
			dependencies = (
				F12F2F7122E1939300714BD8 /* PBXTargetDependency */,
			);
			name = COSSDKTests;
			productName = COSSDKTests;
			productReference = F12F2F6E22E1939300714BD8 /* COSSDKTests.xctest */;
			productType = "com.apple.product-type.bundle.unit-test";
		};
/* End PBXNativeTarget section */

/* Begin PBXProject section */
		F12F2F5C22E1939200714BD8 /* Project object */ = {
			isa = PBXProject;
			attributes = {
				LastUpgradeCheck = 1020;
				ORGANIZATIONNAME = Contentos;
				TargetAttributes = {
					F12F2F6422E1939300714BD8 = {
						CreatedOnToolsVersion = 10.2;
					};
					F12F2F6D22E1939300714BD8 = {
						CreatedOnToolsVersion = 10.2;
					};
				};
			};
			buildConfigurationList = F12F2F5F22E1939200714BD8 /* Build configuration list for PBXProject "COSSDK" */;
			compatibilityVersion = "Xcode 9.3";
			developmentRegion = en;
			hasScannedForEncodings = 0;
			knownRegions = (
				en,
			);
			mainGroup = F12F2F5B22E1939200714BD8;
			productRefGroup = F12F2F6622E1939300714BD8 /* Products */;
			projectDirPath = "";
			projectRoot = "";
			targets = (
				F12F2F6422E1939300714BD8 /* COSSDK */,
				F12F2F6D22E1939300714BD8 /* COSSDKTests */,
			);
		};
/* End PBXProject section */

/* Begin PBXResourcesBuildPhase section */
		F12F2F6322E1939300714BD8 /* Resources */ = {
			isa = PBXResourcesBuildPhase;
			buildActionMask = 2147483647;
			files = (
			);
			runOnlyForDeploymentPostprocessing = 0;
		};
		F12F2F6C22E1939300714BD8 /* Resources */ = {
			isa = PBXResourcesBuildPhase;
			buildActionMask = 2147483647;
			files = (
			);
			runOnlyForDeploymentPostprocessing = 0;
		};
/* End PBXResourcesBuildPhase section */

/* Begin PBXShellScriptBuildPhase section */
		1DF7FDD6C59D9481C8303FEE /* [CP] Copy Pods Resources */ = {
			isa = PBXShellScriptBuildPhase;
			buildActionMask = 2147483647;
			files = (
			);
			inputFileListPaths = (
				"${PODS_ROOT}/Target Support Files/Pods-COSSDK/Pods-COSSDK-resources-${CONFIGURATION}-input-files.xcfilelist",
			);
			name = "[CP] Copy Pods Resources";
			outputFileListPaths = (
				"${PODS_ROOT}/Target Support Files/Pods-COSSDK/Pods-COSSDK-resources-${CONFIGURATION}-output-files.xcfilelist",
			);
			runOnlyForDeploymentPostprocessing = 0;
			shellPath = /bin/sh;
			shellScript = "\"${PODS_ROOT}/Target Support Files/Pods-COSSDK/Pods-COSSDK-resources.sh\"\n";
			showEnvVarsInLog = 0;
		};
		7B0750EB35D0FADC8A0400A1 /* [CP] Check Pods Manifest.lock */ = {
			isa = PBXShellScriptBuildPhase;
			buildActionMask = 2147483647;
			files = (
			);
			inputFileListPaths = (
			);
			inputPaths = (
				"${PODS_PODFILE_DIR_PATH}/Podfile.lock",
				"${PODS_ROOT}/Manifest.lock",
			);
			name = "[CP] Check Pods Manifest.lock";
			outputFileListPaths = (
			);
			outputPaths = (
				"$(DERIVED_FILE_DIR)/Pods-COSSDK-checkManifestLockResult.txt",
			);
			runOnlyForDeploymentPostprocessing = 0;
			shellPath = /bin/sh;
			shellScript = "diff \"${PODS_PODFILE_DIR_PATH}/Podfile.lock\" \"${PODS_ROOT}/Manifest.lock\" > /dev/null\nif [ $? != 0 ] ; then\n    # print error to STDERR\n    echo \"error: The sandbox is not in sync with the Podfile.lock. Run 'pod install' or update your CocoaPods installation.\" >&2\n    exit 1\nfi\n# This output is used by Xcode 'outputs' to avoid re-running this script phase.\necho \"SUCCESS\" > \"${SCRIPT_OUTPUT_FILE_0}\"\n";
			showEnvVarsInLog = 0;
		};
/* End PBXShellScriptBuildPhase section */

/* Begin PBXSourcesBuildPhase section */
		F12F2F6122E1939300714BD8 /* Sources */ = {
			isa = PBXSourcesBuildPhase;
			buildActionMask = 2147483647;
			files = (
				F12F2FAC22E19AA500714BD8 /* secp256k1.c in Sources */,
				F12F2FB122E1A00B00714BD8 /* ec.c in Sources */,
			);
			runOnlyForDeploymentPostprocessing = 0;
		};
		F12F2F6A22E1939300714BD8 /* Sources */ = {
			isa = PBXSourcesBuildPhase;
			buildActionMask = 2147483647;
			files = (
				F12F2F7422E1939300714BD8 /* COSSDKTests.m in Sources */,
			);
			runOnlyForDeploymentPostprocessing = 0;
		};
/* End PBXSourcesBuildPhase section */

/* Begin PBXTargetDependency section */
		F12F2F7122E1939300714BD8 /* PBXTargetDependency */ = {
			isa = PBXTargetDependency;
			target = F12F2F6422E1939300714BD8 /* COSSDK */;
			targetProxy = F12F2F7022E1939300714BD8 /* PBXContainerItemProxy */;
		};
/* End PBXTargetDependency section */

/* Begin XCBuildConfiguration section */
		F12F2F7722E1939300714BD8 /* Debug */ = {
			isa = XCBuildConfiguration;
			buildSettings = {
				ALWAYS_SEARCH_USER_PATHS = NO;
				CLANG_ANALYZER_NONNULL = YES;
				CLANG_ANALYZER_NUMBER_OBJECT_CONVERSION = YES_AGGRESSIVE;
				CLANG_CXX_LANGUAGE_STANDARD = "gnu++14";
				CLANG_CXX_LIBRARY = "libc++";
				CLANG_ENABLE_MODULES = YES;
				CLANG_ENABLE_OBJC_ARC = YES;
				CLANG_ENABLE_OBJC_WEAK = YES;
				CLANG_WARN_BLOCK_CAPTURE_AUTORELEASING = YES;
				CLANG_WARN_BOOL_CONVERSION = YES;
				CLANG_WARN_COMMA = YES;
				CLANG_WARN_CONSTANT_CONVERSION = YES;
				CLANG_WARN_DEPRECATED_OBJC_IMPLEMENTATIONS = YES;
				CLANG_WARN_DIRECT_OBJC_ISA_USAGE = YES_ERROR;
				CLANG_WARN_DOCUMENTATION_COMMENTS = YES;
				CLANG_WARN_EMPTY_BODY = YES;
				CLANG_WARN_ENUM_CONVERSION = YES;
				CLANG_WARN_INFINITE_RECURSION = YES;
				CLANG_WARN_INT_CONVERSION = YES;
				CLANG_WARN_NON_LITERAL_NULL_CONVERSION = YES;
				CLANG_WARN_OBJC_IMPLICIT_RETAIN_SELF = YES;
				CLANG_WARN_OBJC_LITERAL_CONVERSION = YES;
				CLANG_WARN_OBJC_ROOT_CLASS = YES_ERROR;
				CLANG_WARN_RANGE_LOOP_ANALYSIS = YES;
				CLANG_WARN_STRICT_PROTOTYPES = YES;
				CLANG_WARN_SUSPICIOUS_MOVE = YES;
				CLANG_WARN_UNGUARDED_AVAILABILITY = YES_AGGRESSIVE;
				CLANG_WARN_UNREACHABLE_CODE = YES;
				CLANG_WARN__DUPLICATE_METHOD_MATCH = YES;
				CODE_SIGN_IDENTITY = "iPhone Developer";
				COPY_PHASE_STRIP = NO;
				CURRENT_PROJECT_VERSION = 1;
				DEBUG_INFORMATION_FORMAT = dwarf;
				ENABLE_STRICT_OBJC_MSGSEND = YES;
				ENABLE_TESTABILITY = YES;
				GCC_C_LANGUAGE_STANDARD = gnu11;
				GCC_DYNAMIC_NO_PIC = NO;
				GCC_NO_COMMON_BLOCKS = YES;
				GCC_OPTIMIZATION_LEVEL = 0;
				GCC_PREPROCESSOR_DEFINITIONS = (
					"DEBUG=1",
					"$(inherited)",
				);
				GCC_WARN_64_TO_32_BIT_CONVERSION = YES;
				GCC_WARN_ABOUT_RETURN_TYPE = YES_ERROR;
				GCC_WARN_UNDECLARED_SELECTOR = YES;
				GCC_WARN_UNINITIALIZED_AUTOS = YES_AGGRESSIVE;
				GCC_WARN_UNUSED_FUNCTION = YES;
				GCC_WARN_UNUSED_VARIABLE = YES;
				IPHONEOS_DEPLOYMENT_TARGET = 12.2;
				MTL_ENABLE_DEBUG_INFO = INCLUDE_SOURCE;
				MTL_FAST_MATH = YES;
				ONLY_ACTIVE_ARCH = YES;
				SDKROOT = iphoneos;
				VERSIONING_SYSTEM = "apple-generic";
				VERSION_INFO_PREFIX = "";
			};
			name = Debug;
		};
		F12F2F7822E1939300714BD8 /* Release */ = {
			isa = XCBuildConfiguration;
			buildSettings = {
				ALWAYS_SEARCH_USER_PATHS = NO;
				CLANG_ANALYZER_NONNULL = YES;
				CLANG_ANALYZER_NUMBER_OBJECT_CONVERSION = YES_AGGRESSIVE;
				CLANG_CXX_LANGUAGE_STANDARD = "gnu++14";
				CLANG_CXX_LIBRARY = "libc++";
				CLANG_ENABLE_MODULES = YES;
				CLANG_ENABLE_OBJC_ARC = YES;
				CLANG_ENABLE_OBJC_WEAK = YES;
				CLANG_WARN_BLOCK_CAPTURE_AUTORELEASING = YES;
				CLANG_WARN_BOOL_CONVERSION = YES;
				CLANG_WARN_COMMA = YES;
				CLANG_WARN_CONSTANT_CONVERSION = YES;
				CLANG_WARN_DEPRECATED_OBJC_IMPLEMENTATIONS = YES;
				CLANG_WARN_DIRECT_OBJC_ISA_USAGE = YES_ERROR;
				CLANG_WARN_DOCUMENTATION_COMMENTS = YES;
				CLANG_WARN_EMPTY_BODY = YES;
				CLANG_WARN_ENUM_CONVERSION = YES;
				CLANG_WARN_INFINITE_RECURSION = YES;
				CLANG_WARN_INT_CONVERSION = YES;
				CLANG_WARN_NON_LITERAL_NULL_CONVERSION = YES;
				CLANG_WARN_OBJC_IMPLICIT_RETAIN_SELF = YES;
				CLANG_WARN_OBJC_LITERAL_CONVERSION = YES;
				CLANG_WARN_OBJC_ROOT_CLASS = YES_ERROR;
				CLANG_WARN_RANGE_LOOP_ANALYSIS = YES;
				CLANG_WARN_STRICT_PROTOTYPES = YES;
				CLANG_WARN_SUSPICIOUS_MOVE = YES;
				CLANG_WARN_UNGUARDED_AVAILABILITY = YES_AGGRESSIVE;
				CLANG_WARN_UNREACHABLE_CODE = YES;
				CLANG_WARN__DUPLICATE_METHOD_MATCH = YES;
				CODE_SIGN_IDENTITY = "iPhone Developer";
				COPY_PHASE_STRIP = NO;
				CURRENT_PROJECT_VERSION = 1;
				DEBUG_INFORMATION_FORMAT = "dwarf-with-dsym";
				ENABLE_NS_ASSERTIONS = NO;
				ENABLE_STRICT_OBJC_MSGSEND = YES;
				GCC_C_LANGUAGE_STANDARD = gnu11;
				GCC_NO_COMMON_BLOCKS = YES;
				GCC_WARN_64_TO_32_BIT_CONVERSION = YES;
				GCC_WARN_ABOUT_RETURN_TYPE = YES_ERROR;
				GCC_WARN_UNDECLARED_SELECTOR = YES;
				GCC_WARN_UNINITIALIZED_AUTOS = YES_AGGRESSIVE;
				GCC_WARN_UNUSED_FUNCTION = YES;
				GCC_WARN_UNUSED_VARIABLE = YES;
				IPHONEOS_DEPLOYMENT_TARGET = 12.2;
				MTL_ENABLE_DEBUG_INFO = NO;
				MTL_FAST_MATH = YES;
				SDKROOT = iphoneos;
				VALIDATE_PRODUCT = YES;
				VERSIONING_SYSTEM = "apple-generic";
				VERSION_INFO_PREFIX = "";
			};
			name = Release;
		};
		F12F2F7A22E1939300714BD8 /* Debug */ = {
			isa = XCBuildConfiguration;
			baseConfigurationReference = EADD3CD025F255BAC89F9735 /* Pods-COSSDK.debug.xcconfig */;
			buildSettings = {
				CODE_SIGN_IDENTITY = "";
				CODE_SIGN_STYLE = Automatic;
				DEFINES_MODULE = YES;
				DYLIB_COMPATIBILITY_VERSION = 1;
				DYLIB_CURRENT_VERSION = 1;
				DYLIB_INSTALL_NAME_BASE = "@rpath";
				GCC_PREFIX_HEADER = "$(SRCROOT)/COSSDK/COSSDK-prefix.pch";
				INFOPLIST_FILE = COSSDK/Info.plist;
				INSTALL_PATH = "$(LOCAL_LIBRARY_DIR)/Frameworks";
				LD_RUNPATH_SEARCH_PATHS = (
					"$(inherited)",
					"@executable_path/Frameworks",
					"@loader_path/Frameworks",
				);
				PRODUCT_BUNDLE_IDENTIFIER = io.contentos.COSSDK;
				PRODUCT_NAME = "$(TARGET_NAME:c99extidentifier)";
				SKIP_INSTALL = YES;
				TARGETED_DEVICE_FAMILY = "1,2";
			};
			name = Debug;
		};
		F12F2F7B22E1939300714BD8 /* Release */ = {
			isa = XCBuildConfiguration;
			baseConfigurationReference = 9C3C6EBEFDB3B036F1DAAF2E /* Pods-COSSDK.release.xcconfig */;
			buildSettings = {
				CODE_SIGN_IDENTITY = "";
				CODE_SIGN_STYLE = Automatic;
				DEFINES_MODULE = YES;
				DYLIB_COMPATIBILITY_VERSION = 1;
				DYLIB_CURRENT_VERSION = 1;
				DYLIB_INSTALL_NAME_BASE = "@rpath";
				GCC_PREFIX_HEADER = "$(SRCROOT)/COSSDK/COSSDK-prefix.pch";
				INFOPLIST_FILE = COSSDK/Info.plist;
				INSTALL_PATH = "$(LOCAL_LIBRARY_DIR)/Frameworks";
				LD_RUNPATH_SEARCH_PATHS = (
					"$(inherited)",
					"@executable_path/Frameworks",
					"@loader_path/Frameworks",
				);
				PRODUCT_BUNDLE_IDENTIFIER = io.contentos.COSSDK;
				PRODUCT_NAME = "$(TARGET_NAME:c99extidentifier)";
				SKIP_INSTALL = YES;
				TARGETED_DEVICE_FAMILY = "1,2";
			};
			name = Release;
		};
		F12F2F7D22E1939300714BD8 /* Debug */ = {
			isa = XCBuildConfiguration;
			buildSettings = {
				CODE_SIGN_STYLE = Automatic;
				INFOPLIST_FILE = COSSDKTests/Info.plist;
				LD_RUNPATH_SEARCH_PATHS = (
					"$(inherited)",
					"@executable_path/Frameworks",
					"@loader_path/Frameworks",
				);
				PRODUCT_BUNDLE_IDENTIFIER = io.contentos.COSSDKTests;
				PRODUCT_NAME = "$(TARGET_NAME)";
				TARGETED_DEVICE_FAMILY = "1,2";
			};
			name = Debug;
		};
		F12F2F7E22E1939300714BD8 /* Release */ = {
			isa = XCBuildConfiguration;
			buildSettings = {
				CODE_SIGN_STYLE = Automatic;
				INFOPLIST_FILE = COSSDKTests/Info.plist;
				LD_RUNPATH_SEARCH_PATHS = (
					"$(inherited)",
					"@executable_path/Frameworks",
					"@loader_path/Frameworks",
				);
				PRODUCT_BUNDLE_IDENTIFIER = io.contentos.COSSDKTests;
				PRODUCT_NAME = "$(TARGET_NAME)";
				TARGETED_DEVICE_FAMILY = "1,2";
			};
			name = Release;
		};
/* End XCBuildConfiguration section */

/* Begin XCConfigurationList section */
		F12F2F5F22E1939200714BD8 /* Build configuration list for PBXProject "COSSDK" */ = {
			isa = XCConfigurationList;
			buildConfigurations = (
				F12F2F7722E1939300714BD8 /* Debug */,
				F12F2F7822E1939300714BD8 /* Release */,
			);
			defaultConfigurationIsVisible = 0;
			defaultConfigurationName = Release;
		};
		F12F2F7922E1939300714BD8 /* Build configuration list for PBXNativeTarget "COSSDK" */ = {
			isa = XCConfigurationList;
			buildConfigurations = (
				F12F2F7A22E1939300714BD8 /* Debug */,
				F12F2F7B22E1939300714BD8 /* Release */,
			);
			defaultConfigurationIsVisible = 0;
			defaultConfigurationName = Release;
		};
		F12F2F7C22E1939300714BD8 /* Build configuration list for PBXNativeTarget "COSSDKTests" */ = {
			isa = XCConfigurationList;
			buildConfigurations = (
				F12F2F7D22E1939300714BD8 /* Debug */,
				F12F2F7E22E1939300714BD8 /* Release */,
			);
			defaultConfigurationIsVisible = 0;
			defaultConfigurationName = Release;
		};
/* End XCConfigurationList section */
	};
	rootObject = F12F2F5C22E1939200714BD8 /* Project object */;
}
